
Microsoft Visual Studio Solution File, Format Version 12.00
# Visual Studio Version 17
VisualStudioVersion = 17.0.32126.317
MinimumVisualStudioVersion = 10.0.40219.1
Project("{FAE04EC0-301F-11D3-BF4B-00C04F79EFBC}") = "UserApplicatie.Android", "UserApplicatie\UserApplicatie.Android\UserApplicatie.Android.csproj", "{4746020D-F56E-42B3-9575-B202F0F89EB4}"
EndProject
Project("{FAE04EC0-301F-11D3-BF4B-00C04F79EFBC}") = "UserApplicatie.iOS", "UserApplicatie\UserApplicatie.iOS\UserApplicatie.iOS.csproj", "{00341A79-C93E-4B58-84B1-2ECEEE5C1EA4}"
EndProject
Project("{FAE04EC0-301F-11D3-BF4B-00C04F79EFBC}") = "UserApplicatie", "UserApplicatie\UserApplicatie\UserApplicatie.csproj", "{11374420-A545-412E-B072-6FB3D2F68DCA}"
EndProject
Global
	GlobalSection(SolutionConfigurationPlatforms) = preSolution
		Debug|Any CPU = Debug|Any CPU
		Debug|iPhone = Debug|iPhone
		Debug|iPhoneSimulator = Debug|iPhoneSimulator
		Release|Any CPU = Release|Any CPU
		Release|iPhone = Release|iPhone
		Release|iPhoneSimulator = Release|iPhoneSimulator
	EndGlobalSection
	GlobalSection(ProjectConfigurationPlatforms) = postSolution
		{4746020D-F56E-42B3-9575-B202F0F89EB4}.Debug|Any CPU.ActiveCfg = Debug|Any CPU
		{4746020D-F56E-42B3-9575-B202F0F89EB4}.Debug|Any CPU.Build.0 = Debug|Any CPU
		{4746020D-F56E-42B3-9575-B202F0F89EB4}.Debug|Any CPU.Deploy.0 = Debug|Any CPU
		{4746020D-F56E-42B3-9575-B202F0F89EB4}.Debug|iPhone.ActiveCfg = Debug|Any CPU
		{4746020D-F56E-42B3-9575-B202F0F89EB4}.Debug|iPhone.Build.0 = Debug|Any CPU
		{4746020D-F56E-42B3-9575-B202F0F89EB4}.Debug|iPhone.Deploy.0 = Debug|Any CPU
		{4746020D-F56E-42B3-9575-B202F0F89EB4}.Debug|iPhoneSimulator.ActiveCfg = Debug|Any CPU
		{4746020D-F56E-42B3-9575-B202F0F89EB4}.Debug|iPhoneSimulator.Build.0 = Debug|Any CPU
		{4746020D-F56E-42B3-9575-B202F0F89EB4}.Debug|iPhoneSimulator.Deploy.0 = Debug|Any CPU
		{4746020D-F56E-42B3-9575-B202F0F89EB4}.Release|Any CPU.ActiveCfg = Release|Any CPU
		{4746020D-F56E-42B3-9575-B202F0F89EB4}.Release|Any CPU.Build.0 = Release|Any CPU
		{4746020D-F56E-42B3-9575-B202F0F89EB4}.Release|Any CPU.Deploy.0 = Release|Any CPU
		{4746020D-F56E-42B3-9575-B202F0F89EB4}.Release|iPhone.ActiveCfg = Release|Any CPU
		{4746020D-F56E-42B3-9575-B202F0F89EB4}.Release|iPhone.Build.0 = Release|Any CPU
		{4746020D-F56E-42B3-9575-B202F0F89EB4}.Release|iPhone.Deploy.0 = Release|Any CPU
		{4746020D-F56E-42B3-9575-B202F0F89EB4}.Release|iPhoneSimulator.ActiveCfg = Release|Any CPU
		{4746020D-F56E-42B3-9575-B202F0F89EB4}.Release|iPhoneSimulator.Build.0 = Release|Any CPU
		{4746020D-F56E-42B3-9575-B202F0F89EB4}.Release|iPhoneSimulator.Deploy.0 = Release|Any CPU
		{00341A79-C93E-4B58-84B1-2ECEEE5C1EA4}.Debug|Any CPU.ActiveCfg = Debug|iPhone
		{00341A79-C93E-4B58-84B1-2ECEEE5C1EA4}.Debug|Any CPU.Build.0 = Debug|iPhone
		{00341A79-C93E-4B58-84B1-2ECEEE5C1EA4}.Debug|Any CPU.Deploy.0 = Debug|iPhone
		{00341A79-C93E-4B58-84B1-2ECEEE5C1EA4}.Debug|iPhone.ActiveCfg = Debug|iPhone
		{00341A79-C93E-4B58-84B1-2ECEEE5C1EA4}.Debug|iPhone.Build.0 = Debug|iPhone
		{00341A79-C93E-4B58-84B1-2ECEEE5C1EA4}.Debug|iPhone.Deploy.0 = Debug|iPhone
		{00341A79-C93E-4B58-84B1-2ECEEE5C1EA4}.Debug|iPhoneSimulator.ActiveCfg = Debug|iPhoneSimulator
		{00341A79-C93E-4B58-84B1-2ECEEE5C1EA4}.Debug|iPhoneSimulator.Build.0 = Debug|iPhoneSimulator
		{00341A79-C93E-4B58-84B1-2ECEEE5C1EA4}.Debug|iPhoneSimulator.Deploy.0 = Debug|iPhoneSimulator
		{00341A79-C93E-4B58-84B1-2ECEEE5C1EA4}.Release|Any CPU.ActiveCfg = Release|iPhoneSimulator
		{00341A79-C93E-4B58-84B1-2ECEEE5C1EA4}.Release|Any CPU.Build.0 = Release|iPhoneSimulator
		{00341A79-C93E-4B58-84B1-2ECEEE5C1EA4}.Release|Any CPU.Deploy.0 = Release|iPhoneSimulator
		{00341A79-C93E-4B58-84B1-2ECEEE5C1EA4}.Release|iPhone.ActiveCfg = Release|iPhone
		{00341A79-C93E-4B58-84B1-2ECEEE5C1EA4}.Release|iPhone.Build.0 = Release|iPhone
		{00341A79-C93E-4B58-84B1-2ECEEE5C1EA4}.Release|iPhone.Deploy.0 = Release|iPhone
		{00341A79-C93E-4B58-84B1-2ECEEE5C1EA4}.Release|iPhoneSimulator.ActiveCfg = Release|iPhoneSimulator
		{00341A79-C93E-4B58-84B1-2ECEEE5C1EA4}.Release|iPhoneSimulator.Build.0 = Release|iPhoneSimulator
		{00341A79-C93E-4B58-84B1-2ECEEE5C1EA4}.Release|iPhoneSimulator.Deploy.0 = Release|iPhoneSimulator
		{11374420-A545-412E-B072-6FB3D2F68DCA}.Debug|Any CPU.ActiveCfg = Debug|Any CPU
		{11374420-A545-412E-B072-6FB3D2F68DCA}.Debug|Any CPU.Build.0 = Debug|Any CPU
		{11374420-A545-412E-B072-6FB3D2F68DCA}.Debug|Any CPU.Deploy.0 = Debug|Any CPU
		{11374420-A545-412E-B072-6FB3D2F68DCA}.Debug|iPhone.ActiveCfg = Debug|Any CPU
		{11374420-A545-412E-B072-6FB3D2F68DCA}.Debug|iPhone.Build.0 = Debug|Any CPU
		{11374420-A545-412E-B072-6FB3D2F68DCA}.Debug|iPhone.Deploy.0 = Debug|Any CPU
		{11374420-A545-412E-B072-6FB3D2F68DCA}.Debug|iPhoneSimulator.ActiveCfg = Debug|Any CPU
		{11374420-A545-412E-B072-6FB3D2F68DCA}.Debug|iPhoneSimulator.Build.0 = Debug|Any CPU
		{11374420-A545-412E-B072-6FB3D2F68DCA}.Debug|iPhoneSimulator.Deploy.0 = Debug|Any CPU
		{11374420-A545-412E-B072-6FB3D2F68DCA}.Release|Any CPU.ActiveCfg = Release|Any CPU
		{11374420-A545-412E-B072-6FB3D2F68DCA}.Release|Any CPU.Build.0 = Release|Any CPU
		{11374420-A545-412E-B072-6FB3D2F68DCA}.Release|Any CPU.Deploy.0 = Release|Any CPU
		{11374420-A545-412E-B072-6FB3D2F68DCA}.Release|iPhone.ActiveCfg = Release|Any CPU
		{11374420-A545-412E-B072-6FB3D2F68DCA}.Release|iPhone.Build.0 = Release|Any CPU
		{11374420-A545-412E-B072-6FB3D2F68DCA}.Release|iPhone.Deploy.0 = Release|Any CPU
		{11374420-A545-412E-B072-6FB3D2F68DCA}.Release|iPhoneSimulator.ActiveCfg = Release|Any CPU
		{11374420-A545-412E-B072-6FB3D2F68DCA}.Release|iPhoneSimulator.Build.0 = Release|Any CPU
		{11374420-A545-412E-B072-6FB3D2F68DCA}.Release|iPhoneSimulator.Deploy.0 = Release|Any CPU
	EndGlobalSection
	GlobalSection(SolutionProperties) = preSolution
		HideSolutionNode = FALSE
	EndGlobalSection
	GlobalSection(ExtensibilityGlobals) = postSolution
		SolutionGuid = {8ACFC29B-89EB-44F3-B5A5-76859D7A904B}
	EndGlobalSection
EndGlobal
